github.com/cocosip/go-dicom v0.8.1 h1:vJplqxk0Kjx27Kajcq4unze7pzSQO6AZaxowGj9UM34=
github.com/cocosip/go-dicom v0.8.1/go.mod h1:GQJaDHcjte8q814qkGvuWoa5Kq0scRB+J8PGzaHA2mI=
github.com/cocosip/go-dicom-codecs v0.8.1 h1:wZHq04hEu3SkEtj4aJ5r2BSKQlF/rI8wXSliGnNuKMI=
github.com/cocosip/go-dicom-codecs v0.8.1/go.mod h1:aweQlXZ7pauIghR6J1ZhdtUFRDcskGEoKTDdsX3IAv0=
github.com/google/uuid v1.6.0 h1:NIvaJDMOsjHA8n1jAhLSgzrAzy1Hgr+hNrb57e+94F0=
github.com/google/uuid v1.6.0/go.mod h1:TIyPZe4MgqvfeYDBFedMoGGpEw/LqOeaOT+nhxU+yHo=
golang.org/x/text v0.42.0 h1:JbOZXgfeCPU9gacVtYliJqOhD+zhrEqK4LfdpmlUZqI=
golang.org/x/text v0.42.0/go.mod h1:ojzP1Z+2QtioaF8DTtO8K5q7JWVVYwZKenzujK0Zd0E=
